
Microsoft Visual Studio Solution File, Format Version 12.00
# Visual Studio Version 16
VisualStudioVersion = 16.0.30804.86
MinimumVisualStudioVersion = 10.0.40219.1
Project("{FAE04EC0-301F-11D3-BF4B-00C04F79EFBC}") = "JamesGannon_S00196554", "JamesGannon_S00196554\JamesGannon_S00196554.csproj", "{86490327-9FA7-44AE-B008-725A9A5F2EEF}"
EndProject
Project("{FAE04EC0-301F-11D3-BF4B-00C04F79EFBC}") = "UnitTestProject1", "UnitTestProject1\UnitTestProject1.csproj", "{5B922491-B534-4DF1-A03D-D6F8DC80FE13}"
EndProject
Project("{FAE04EC0-301F-11D3-BF4B-00C04F79EFBC}") = "DataManagement", "ConsoleApp1\DataManagement.csproj", "{6FC2DB73-23BB-4FA1-BF13-A6A77D98E276}"
EndProject
Global
	GlobalSection(SolutionConfigurationPlatforms) = preSolution
		Debug|Any CPU = Debug|Any CPU
		Release|Any CPU = Release|Any CPU
	EndGlobalSection
	GlobalSection(ProjectConfigurationPlatforms) = postSolution
		{86490327-9FA7-44AE-B008-725A9A5F2EEF}.Debug|Any CPU.ActiveCfg = Debug|Any CPU
		{86490327-9FA7-44AE-B008-725A9A5F2EEF}.Debug|Any CPU.Build.0 = Debug|Any CPU
		{86490327-9FA7-44AE-B008-725A9A5F2EEF}.Release|Any CPU.ActiveCfg = Release|Any CPU
		{86490327-9FA7-44AE-B008-725A9A5F2EEF}.Release|Any CPU.Build.0 = Release|Any CPU
		{5B922491-B534-4DF1-A03D-D6F8DC80FE13}.Debug|Any CPU.ActiveCfg = Debug|Any CPU
		{5B922491-B534-4DF1-A03D-D6F8DC80FE13}.Debug|Any CPU.Build.0 = Debug|Any CPU
		{5B922491-B534-4DF1-A03D-D6F8DC80FE13}.Release|Any CPU.ActiveCfg = Release|Any CPU
		{5B922491-B534-4DF1-A03D-D6F8DC80FE13}.Release|Any CPU.Build.0 = Release|Any CPU
		{6FC2DB73-23BB-4FA1-BF13-A6A77D98E276}.Debug|Any CPU.ActiveCfg = Debug|Any CPU
		{6FC2DB73-23BB-4FA1-BF13-A6A77D98E276}.Debug|Any CPU.Build.0 = Debug|Any CPU
		{6FC2DB73-23BB-4FA1-BF13-A6A77D98E276}.Release|Any CPU.ActiveCfg = Release|Any CPU
		{6FC2DB73-23BB-4FA1-BF13-A6A77D98E276}.Release|Any CPU.Build.0 = Release|Any CPU
	EndGlobalSection
	GlobalSection(SolutionProperties) = preSolution
		HideSolutionNode = FALSE
	EndGlobalSection
	GlobalSection(ExtensibilityGlobals) = postSolution
		SolutionGuid = {5AA402DA-84E8-4717-A99D-9531ACE7697D}
	EndGlobalSection
EndGlobal
